// !$*UTF8*$!
{
	archiveVersion = 1;
	classes = {
	};
	objectVersion = 55;
	objects = {

/* Begin PBXBuildFile section */
		88BEE01827FAC74700403BB6 /* AppDelegate.swift in Sources */ = {isa = PBXBuildFile; fileRef = 88BEE01727FAC74700403BB6 /* AppDelegate.swift */; };
		88BEE01A27FAC74700403BB6 /* SceneDelegate.swift in Sources */ = {isa = PBXBuildFile; fileRef = 88BEE01927FAC74700403BB6 /* SceneDelegate.swift */; };
		88BEE01C27FAC74700403BB6 /* ViewController.swift in Sources */ = {isa = PBXBuildFile; fileRef = 88BEE01B27FAC74700403BB6 /* ViewController.swift */; };
		88BEE01F27FAC74700403BB6 /* Main.storyboard in Resources */ = {isa = PBXBuildFile; fileRef = 88BEE01D27FAC74700403BB6 /* Main.storyboard */; };
		88BEE02127FAC74800403BB6 /* Assets.xcassets in Resources */ = {isa = PBXBuildFile; fileRef = 88BEE02027FAC74800403BB6 /* Assets.xcassets */; };
		88BEE02427FAC74800403BB6 /* LaunchScreen.storyboard in Resources */ = {isa = PBXBuildFile; fileRef = 88BEE02227FAC74800403BB6 /* LaunchScreen.storyboard */; };
		88BEE02E27FAC9EA00403BB6 /* MyCpp.cpp in Sources */ = {isa = PBXBuildFile; fileRef = 88BEE02C27FAC9EA00403BB6 /* MyCpp.cpp */; };
		88BEE03027FAD01B00403BB6 /* CWrapper.mm in Sources */ = {isa = PBXBuildFile; fileRef = 88BEE02F27FAD01B00403BB6 /* CWrapper.mm */; };
/* End PBXBuildFile section */

/* Begin PBXFileReference section */
		88BEE01427FAC74700403BB6 /* swift-cpp-bridging.app */ = {isa = PBXFileReference; explicitFileType = wrapper.application; includeInIndex = 0; path = "swift-cpp-bridging.app"; sourceTree = BUILT_PRODUCTS_DIR; };
		88BEE01727FAC74700403BB6 /* AppDelegate.swift */ = {isa = PBXFileReference; lastKnownFileType = sourcecode.swift; path = AppDelegate.swift; sourceTree = "<group>"; };
		88BEE01927FAC74700403BB6 /* SceneDelegate.swift */ = {isa = PBXFileReference; lastKnownFileType = sourcecode.swift; path = SceneDelegate.swift; sourceTree = "<group>"; };
		88BEE01B27FAC74700403BB6 /* ViewController.swift */ = {isa = PBXFileReference; lastKnownFileType = sourcecode.swift; path = ViewController.swift; sourceTree = "<group>"; };
		88BEE01E27FAC74700403BB6 /* Base */ = {isa = PBXFileReference; lastKnownFileType = file.storyboard; name = Base; path = Base.lproj/Main.storyboard; sourceTree = "<group>"; };
		88BEE02027FAC74800403BB6 /* Assets.xcassets */ = {isa = PBXFileReference; lastKnownFileType = folder.assetcatalog; path = Assets.xcassets; sourceTree = "<group>"; };
		88BEE02327FAC74800403BB6 /* Base */ = {isa = PBXFileReference; lastKnownFileType = file.storyboard; name = Base; path = Base.lproj/LaunchScreen.storyboard; sourceTree = "<group>"; };
		88BEE02527FAC74800403BB6 /* Info.plist */ = {isa = PBXFileReference; lastKnownFileType = text.plist.xml; path = Info.plist; sourceTree = "<group>"; };
		88BEE02B27FAC9EA00403BB6 /* swift-cpp-bridging-Bridging-Header.h */ = {isa = PBXFileReference; lastKnownFileType = sourcecode.c.h; path = "swift-cpp-bridging-Bridging-Header.h"; sourceTree = "<group>"; };
		88BEE02C27FAC9EA00403BB6 /* MyCpp.cpp */ = {isa = PBXFileReference; lastKnownFileType = sourcecode.cpp.cpp; path = MyCpp.cpp; sourceTree = "<group>"; };
		88BEE02D27FAC9EA00403BB6 /* MyCpp.hpp */ = {isa = PBXFileReference; lastKnownFileType = sourcecode.cpp.h; path = MyCpp.hpp; sourceTree = "<group>"; };
		88BEE02F27FAD01B00403BB6 /* CWrapper.mm */ = {isa = PBXFileReference; lastKnownFileType = sourcecode.cpp.objcpp; path = CWrapper.mm; sourceTree = "<group>"; };
		88BEE03127FAD04F00403BB6 /* CWrapper.h */ = {isa = PBXFileReference; lastKnownFileType = sourcecode.c.h; path = CWrapper.h; sourceTree = "<group>"; };
/* End PBXFileReference section */

/* Begin PBXFrameworksBuildPhase section */
		88BEE01127FAC74700403BB6 /* Frameworks */ = {
			isa = PBXFrameworksBuildPhase;
			buildActionMask = 2147483647;
			files = (
			);
			runOnlyForDeploymentPostprocessing = 0;
		};
/* End PBXFrameworksBuildPhase section */

/* Begin PBXGroup section */
		88BEE00B27FAC74700403BB6 = {
			isa = PBXGroup;
			children = (
				88BEE01627FAC74700403BB6 /* swift-cpp-bridging */,
				88BEE01527FAC74700403BB6 /* Products */,
			);
			sourceTree = "<group>";
		};
		88BEE01527FAC74700403BB6 /* Products */ = {
			isa = PBXGroup;
			children = (
				88BEE01427FAC74700403BB6 /* swift-cpp-bridging.app */,
			);
			name = Products;
			sourceTree = "<group>";
		};
		88BEE01627FAC74700403BB6 /* swift-cpp-bridging */ = {
			isa = PBXGroup;
			children = (
				88BEE01727FAC74700403BB6 /* AppDelegate.swift */,
				88BEE01927FAC74700403BB6 /* SceneDelegate.swift */,
				88BEE01B27FAC74700403BB6 /* ViewController.swift */,
				88BEE02C27FAC9EA00403BB6 /* MyCpp.cpp */,
				88BEE02D27FAC9EA00403BB6 /* MyCpp.hpp */,
				88BEE02F27FAD01B00403BB6 /* CWrapper.mm */,
				88BEE03127FAD04F00403BB6 /* CWrapper.h */,
				88BEE01D27FAC74700403BB6 /* Main.storyboard */,
				88BEE02027FAC74800403BB6 /* Assets.xcassets */,
				88BEE02227FAC74800403BB6 /* LaunchScreen.storyboard */,
				88BEE02527FAC74800403BB6 /* Info.plist */,
				88BEE02B27FAC9EA00403BB6 /* swift-cpp-bridging-Bridging-Header.h */,
			);
			path = "swift-cpp-bridging";
			sourceTree = "<group>";
		};
/* End PBXGroup section */

/* Begin PBXNativeTarget section */
		88BEE01327FAC74700403BB6 /* swift-cpp-bridging */ = {
			isa = PBXNativeTarget;
			buildConfigurationList = 88BEE02827FAC74800403BB6 /* Build configuration list for PBXNativeTarget "swift-cpp-bridging" */;
			buildPhases = (
				88BEE01027FAC74700403BB6 /* Sources */,
				88BEE01127FAC74700403BB6 /* Frameworks */,
				88BEE01227FAC74700403BB6 /* Resources */,
			);
			buildRules = (
			);
			dependencies = (
			);
			name = "swift-cpp-bridging";
			productName = "swift-cpp-bridging";
			productReference = 88BEE01427FAC74700403BB6 /* swift-cpp-bridging.app */;
			productType = "com.apple.product-type.application";
		};
/* End PBXNativeTarget section */

/* Begin PBXProject section */
		88BEE00C27FAC74700403BB6 /* Project object */ = {
			isa = PBXProject;
			attributes = {
				BuildIndependentTargetsInParallel = 1;
				LastSwiftUpdateCheck = 1330;
				LastUpgradeCheck = 1330;
				TargetAttributes = {
					88BEE01327FAC74700403BB6 = {
						CreatedOnToolsVersion = 13.3;
						LastSwiftMigration = 1330;
					};
				};
			};
			buildConfigurationList = 88BEE00F27FAC74700403BB6 /* Build configuration list for PBXProject "swift-cpp-bridging" */;
			compatibilityVersion = "Xcode 13.0";
			developmentRegion = en;
			hasScannedForEncodings = 0;
			knownRegions = (
				en,
				Base,
			);
			mainGroup = 88BEE00B27FAC74700403BB6;
			productRefGroup = 88BEE01527FAC74700403BB6 /* Products */;
			projectDirPath = "";
			projectRoot = "";
			targets = (
				88BEE01327FAC74700403BB6 /* swift-cpp-bridging */,
			);
		};
/* End PBXProject section */

/* Begin PBXResourcesBuildPhase section */
		88BEE01227FAC74700403BB6 /* Resources */ = {
			isa = PBXResourcesBuildPhase;
			buildActionMask = 2147483647;
			files = (
				88BEE02427FAC74800403BB6 /* LaunchScreen.storyboard in Resources */,
				88BEE02127FAC74800403BB6 /* Assets.xcassets in Resources */,
				88BEE01F27FAC74700403BB6 /* Main.storyboard in Resources */,
			);
			runOnlyForDeploymentPostprocessing = 0;
		};
/* End PBXResourcesBuildPhase section */

/* Begin PBXSourcesBuildPhase section */
		88BEE01027FAC74700403BB6 /* Sources */ = {
			isa = PBXSourcesBuildPhase;
			buildActionMask = 2147483647;
			files = (
				88BEE03027FAD01B00403BB6 /* CWrapper.mm in Sources */,
				88BEE01C27FAC74700403BB6 /* ViewController.swift in Sources */,
				88BEE01827FAC74700403BB6 /* AppDelegate.swift in Sources */,
				88BEE01A27FAC74700403BB6 /* SceneDelegate.swift in Sources */,
				88BEE02E27FAC9EA00403BB6 /* MyCpp.cpp in Sources */,
			);
			runOnlyForDeploymentPostprocessing = 0;
		};
/* End PBXSourcesBuildPhase section */

/* Begin PBXVariantGroup section */
		88BEE01D27FAC74700403BB6 /* Main.storyboard */ = {
			isa = PBXVariantGroup;
			children = (
				88BEE01E27FAC74700403BB6 /* Base */,
			);
			name = Main.storyboard;
			sourceTree = "<group>";
		};
		88BEE02227FAC74800403BB6 /* LaunchScreen.storyboard */ = {
			isa = PBXVariantGroup;
			children = (
				88BEE02327FAC74800403BB6 /* Base */,
			);
			name = LaunchScreen.storyboard;
			sourceTree = "<group>";
		};
/* End PBXVariantGroup section */

/* Begin XCBuildConfiguration section */
		88BEE02627FAC74800403BB6 /* Debug */ = {
			isa = XCBuildConfiguration;
			buildSettings = {
				ALWAYS_SEARCH_USER_PATHS = NO;
				CLANG_ANALYZER_NONNULL = YES;
				CLANG_ANALYZER_NUMBER_OBJECT_CONVERSION = YES_AGGRESSIVE;
				CLANG_CXX_LANGUAGE_STANDARD = "gnu++17";
				CLANG_ENABLE_MODULES = YES;
				CLANG_ENABLE_OBJC_ARC = YES;
				CLANG_ENABLE_OBJC_WEAK = YES;
				CLANG_WARN_BLOCK_CAPTURE_AUTORELEASING = YES;
				CLANG_WARN_BOOL_CONVERSION = YES;
				CLANG_WARN_COMMA = YES;
				CLANG_WARN_CONSTANT_CONVERSION = YES;
				CLANG_WARN_DEPRECATED_OBJC_IMPLEMENTATIONS = YES;
				CLANG_WARN_DIRECT_OBJC_ISA_USAGE = YES_ERROR;
				CLANG_WARN_DOCUMENTATION_COMMENTS = YES;
				CLANG_WARN_EMPTY_BODY = YES;
				CLANG_WARN_ENUM_CONVERSION = YES;
				CLANG_WARN_INFINITE_RECURSION = YES;
				CLANG_WARN_INT_CONVERSION = YES;
				CLANG_WARN_NON_LITERAL_NULL_CONVERSION = YES;
				CLANG_WARN_OBJC_IMPLICIT_RETAIN_SELF = YES;
				CLANG_WARN_OBJC_LITERAL_CONVERSION = YES;
				CLANG_WARN_OBJC_ROOT_CLASS = YES_ERROR;
				CLANG_WARN_QUOTED_INCLUDE_IN_FRAMEWORK_HEADER = YES;
				CLANG_WARN_RANGE_LOOP_ANALYSIS = YES;
				CLANG_WARN_STRICT_PROTOTYPES = YES;
				CLANG_WARN_SUSPICIOUS_MOVE = YES;
				CLANG_WARN_UNGUARDED_AVAILABILITY = YES_AGGRESSIVE;
				CLANG_WARN_UNREACHABLE_CODE = YES;
				CLANG_WARN__DUPLICATE_METHOD_MATCH = YES;
				COPY_PHASE_STRIP = NO;
				DEBUG_INFORMATION_FORMAT = dwarf;
				ENABLE_STRICT_OBJC_MSGSEND = YES;
				ENABLE_TESTABILITY = YES;
				GCC_C_LANGUAGE_STANDARD = gnu11;
				GCC_DYNAMIC_NO_PIC = NO;
				GCC_NO_COMMON_BLOCKS = YES;
				GCC_OPTIMIZATION_LEVEL = 0;
				GCC_PREPROCESSOR_DEFINITIONS = (
					"DEBUG=1",
					"$(inherited)",
				);
				GCC_WARN_64_TO_32_BIT_CONVERSION = YES;
				GCC_WARN_ABOUT_RETURN_TYPE = YES_ERROR;
				GCC_WARN_UNDECLARED_SELECTOR = YES;
				GCC_WARN_UNINITIALIZED_AUTOS = YES_AGGRESSIVE;
				GCC_WARN_UNUSED_FUNCTION = YES;
				GCC_WARN_UNUSED_VARIABLE = YES;
				IPHONEOS_DEPLOYMENT_TARGET = 15.4;
				MTL_ENABLE_DEBUG_INFO = INCLUDE_SOURCE;
				MTL_FAST_MATH = YES;
				ONLY_ACTIVE_ARCH = YES;
				SDKROOT = iphoneos;
				SWIFT_ACTIVE_COMPILATION_CONDITIONS = DEBUG;
				SWIFT_OPTIMIZATION_LEVEL = "-Onone";
			};
			name = Debug;
		};
		88BEE02727FAC74800403BB6 /* Release */ = {
			isa = XCBuildConfiguration;
			buildSettings = {
				ALWAYS_SEARCH_USER_PATHS = NO;
				CLANG_ANALYZER_NONNULL = YES;
				CLANG_ANALYZER_NUMBER_OBJECT_CONVERSION = YES_AGGRESSIVE;
				CLANG_CXX_LANGUAGE_STANDARD = "gnu++17";
				CLANG_ENABLE_MODULES = YES;
				CLANG_ENABLE_OBJC_ARC = YES;
				CLANG_ENABLE_OBJC_WEAK = YES;
				CLANG_WARN_BLOCK_CAPTURE_AUTORELEASING = YES;
				CLANG_WARN_BOOL_CONVERSION = YES;
				CLANG_WARN_COMMA = YES;
				CLANG_WARN_CONSTANT_CONVERSION = YES;
				CLANG_WARN_DEPRECATED_OBJC_IMPLEMENTATIONS = YES;
				CLANG_WARN_DIRECT_OBJC_ISA_USAGE = YES_ERROR;
				CLANG_WARN_DOCUMENTATION_COMMENTS = YES;
				CLANG_WARN_EMPTY_BODY = YES;
				CLANG_WARN_ENUM_CONVERSION = YES;
				CLANG_WARN_INFINITE_RECURSION = YES;
				CLANG_WARN_INT_CONVERSION = YES;
				CLANG_WARN_NON_LITERAL_NULL_CONVERSION = YES;
				CLANG_WARN_OBJC_IMPLICIT_RETAIN_SELF = YES;
				CLANG_WARN_OBJC_LITERAL_CONVERSION = YES;
				CLANG_WARN_OBJC_ROOT_CLASS = YES_ERROR;
				CLANG_WARN_QUOTED_INCLUDE_IN_FRAMEWORK_HEADER = YES;
				CLANG_WARN_RANGE_LOOP_ANALYSIS = YES;
				CLANG_WARN_STRICT_PROTOTYPES = YES;
				CLANG_WARN_SUSPICIOUS_MOVE = YES;
				CLANG_WARN_UNGUARDED_AVAILABILITY = YES_AGGRESSIVE;
				CLANG_WARN_UNREACHABLE_CODE = YES;
				CLANG_WARN__DUPLICATE_METHOD_MATCH = YES;
				COPY_PHASE_STRIP = NO;
				DEBUG_INFORMATION_FORMAT = "dwarf-with-dsym";
				ENABLE_NS_ASSERTIONS = NO;
				ENABLE_STRICT_OBJC_MSGSEND = YES;
				GCC_C_LANGUAGE_STANDARD = gnu11;
				GCC_NO_COMMON_BLOCKS = YES;
				GCC_WARN_64_TO_32_BIT_CONVERSION = YES;
				GCC_WARN_ABOUT_RETURN_TYPE = YES_ERROR;
				GCC_WARN_UNDECLARED_SELECTOR = YES;
				GCC_WARN_UNINITIALIZED_AUTOS = YES_AGGRESSIVE;
				GCC_WARN_UNUSED_FUNCTION = YES;
				GCC_WARN_UNUSED_VARIABLE = YES;
				IPHONEOS_DEPLOYMENT_TARGET = 15.4;
				MTL_ENABLE_DEBUG_INFO = NO;
				MTL_FAST_MATH = YES;
				SDKROOT = iphoneos;
				SWIFT_COMPILATION_MODE = wholemodule;
				SWIFT_OPTIMIZATION_LEVEL = "-O";
				VALIDATE_PRODUCT = YES;
			};
			name = Release;
		};
		88BEE02927FAC74800403BB6 /* Debug */ = {
			isa = XCBuildConfiguration;
			buildSettings = {
				ASSETCATALOG_COMPILER_APPICON_NAME = AppIcon;
				ASSETCATALOG_COMPILER_GLOBAL_ACCENT_COLOR_NAME = AccentColor;
				CLANG_ENABLE_MODULES = YES;
				CODE_SIGN_STYLE = Automatic;
				CURRENT_PROJECT_VERSION = 1;
				DEVELOPMENT_TEAM = 74X8W85PJ2;
				GENERATE_INFOPLIST_FILE = YES;
				INFOPLIST_FILE = "swift-cpp-bridging/Info.plist";
				INFOPLIST_KEY_UIApplicationSupportsIndirectInputEvents = YES;
				INFOPLIST_KEY_UILaunchStoryboardName = LaunchScreen;
				INFOPLIST_KEY_UIMainStoryboardFile = Main;
				INFOPLIST_KEY_UISupportedInterfaceOrientations_iPad = "UIInterfaceOrientationPortrait UIInterfaceOrientationPortraitUpsideDown UIInterfaceOrientationLandscapeLeft UIInterfaceOrientationLandscapeRight";
				INFOPLIST_KEY_UISupportedInterfaceOrientations_iPhone = "UIInterfaceOrientationPortrait UIInterfaceOrientationLandscapeLeft UIInterfaceOrientationLandscapeRight";
				LD_RUNPATH_SEARCH_PATHS = (
					"$(inherited)",
					"@executable_path/Frameworks",
				);
				MARKETING_VERSION = 1.0;
				PRODUCT_BUNDLE_IDENTIFIER = "com.jjstudio.swift-cpp-bridging";
				PRODUCT_NAME = "$(TARGET_NAME)";
				SWIFT_EMIT_LOC_STRINGS = YES;
				SWIFT_OBJC_BRIDGING_HEADER = "swift-cpp-bridging/swift-cpp-bridging-Bridging-Header.h";
				SWIFT_OPTIMIZATION_LEVEL = "-Onone";
				SWIFT_VERSION = 5.0;
				TARGETED_DEVICE_FAMILY = "1,2";
			};
			name = Debug;
		};
		88BEE02A27FAC74800403BB6 /* Release */ = {
			isa = XCBuildConfiguration;
			buildSettings = {
				ASSETCATALOG_COMPILER_APPICON_NAME = AppIcon;
				ASSETCATALOG_COMPILER_GLOBAL_ACCENT_COLOR_NAME = AccentColor;
				CLANG_ENABLE_MODULES = YES;
				CODE_SIGN_STYLE = Automatic;
				CURRENT_PROJECT_VERSION = 1;
				DEVELOPMENT_TEAM = 74X8W85PJ2;
				GENERATE_INFOPLIST_FILE = YES;
				INFOPLIST_FILE = "swift-cpp-bridging/Info.plist";
				INFOPLIST_KEY_UIApplicationSupportsIndirectInputEvents = YES;
				INFOPLIST_KEY_UILaunchStoryboardName = LaunchScreen;
				INFOPLIST_KEY_UIMainStoryboardFile = Main;
				INFOPLIST_KEY_UISupportedInterfaceOrientations_iPad = "UIInterfaceOrientationPortrait UIInterfaceOrientationPortraitUpsideDown UIInterfaceOrientationLandscapeLeft UIInterfaceOrientationLandscapeRight";
				INFOPLIST_KEY_UISupportedInterfaceOrientations_iPhone = "UIInterfaceOrientationPortrait UIInterfaceOrientationLandscapeLeft UIInterfaceOrientationLandscapeRight";
				LD_RUNPATH_SEARCH_PATHS = (
					"$(inherited)",
					"@executable_path/Frameworks",
				);
				MARKETING_VERSION = 1.0;
				PRODUCT_BUNDLE_IDENTIFIER = "com.jjstudio.swift-cpp-bridging";
				PRODUCT_NAME = "$(TARGET_NAME)";
				SWIFT_EMIT_LOC_STRINGS = YES;
				SWIFT_OBJC_BRIDGING_HEADER = "swift-cpp-bridging/swift-cpp-bridging-Bridging-Header.h";
				SWIFT_VERSION = 5.0;
				TARGETED_DEVICE_FAMILY = "1,2";
			};
			name = Release;
		};
/* End XCBuildConfiguration section */

/* Begin XCConfigurationList section */
		88BEE00F27FAC74700403BB6 /* Build configuration list for PBXProject "swift-cpp-bridging" */ = {
			isa = XCConfigurationList;
			buildConfigurations = (
				88BEE02627FAC74800403BB6 /* Debug */,
				88BEE02727FAC74800403BB6 /* Release */,
			);
			defaultConfigurationIsVisible = 0;
			defaultConfigurationName = Release;
		};
		88BEE02827FAC74800403BB6 /* Build configuration list for PBXNativeTarget "swift-cpp-bridging" */ = {
			isa = XCConfigurationList;
			buildConfigurations = (
				88BEE02927FAC74800403BB6 /* Debug */,
				88BEE02A27FAC74800403BB6 /* Release */,
			);
			defaultConfigurationIsVisible = 0;
			defaultConfigurationName = Release;
		};
/* End XCConfigurationList section */
	};
	rootObject = 88BEE00C27FAC74700403BB6 /* Project object */;
}
